// !$*UTF8*$!
{
	archiveVersion = 1;
	classes = {
	};
	objectVersion = 50;
	objects = {

/* Begin PBXBuildFile section */
		A7A0EC7623F0A8B000794FF4 /* AppDelegate.swift in Sources */ = {isa = PBXBuildFile; fileRef = A7A0EC7523F0A8B000794FF4 /* AppDelegate.swift */; };
		A7A0EC7823F0A8B000794FF4 /* SceneDelegate.swift in Sources */ = {isa = PBXBuildFile; fileRef = A7A0EC7723F0A8B000794FF4 /* SceneDelegate.swift */; };
		A7A0EC7B23F0A8B000794FF4 /* CameraApp.xcdatamodeld in Sources */ = {isa = PBXBuildFile; fileRef = A7A0EC7923F0A8B000794FF4 /* CameraApp.xcdatamodeld */; };
		A7A0EC7D23F0A8B000794FF4 /* ContentView.swift in Sources */ = {isa = PBXBuildFile; fileRef = A7A0EC7C23F0A8B000794FF4 /* ContentView.swift */; };
		A7A0EC7F23F0A8B700794FF4 /* Assets.xcassets in Resources */ = {isa = PBXBuildFile; fileRef = A7A0EC7E23F0A8B700794FF4 /* Assets.xcassets */; };
		A7A0EC8223F0A8B700794FF4 /* Preview Assets.xcassets in Resources */ = {isa = PBXBuildFile; fileRef = A7A0EC8123F0A8B700794FF4 /* Preview Assets.xcassets */; };
		A7A0EC8523F0A8B700794FF4 /* LaunchScreen.storyboard in Resources */ = {isa = PBXBuildFile; fileRef = A7A0EC8323F0A8B700794FF4 /* LaunchScreen.storyboard */; };
		A7A0EC8E23F0AAFE00794FF4 /* FriendsView.swift in Sources */ = {isa = PBXBuildFile; fileRef = A7A0EC8D23F0AAFE00794FF4 /* FriendsView.swift */; };
		A7A0EC9023F0ABB400794FF4 /* FriendDetailView.swift in Sources */ = {isa = PBXBuildFile; fileRef = A7A0EC8F23F0ABB400794FF4 /* FriendDetailView.swift */; };
		A7A0EC9223F0B13A00794FF4 /* CameraButtonView.swift in Sources */ = {isa = PBXBuildFile; fileRef = A7A0EC9123F0B13A00794FF4 /* CameraButtonView.swift */; };
/* End PBXBuildFile section */

/* Begin PBXFileReference section */
		A7A0EC7223F0A8B000794FF4 /* CameraApp.app */ = {isa = PBXFileReference; explicitFileType = wrapper.application; includeInIndex = 0; path = CameraApp.app; sourceTree = BUILT_PRODUCTS_DIR; };
		A7A0EC7523F0A8B000794FF4 /* AppDelegate.swift */ = {isa = PBXFileReference; lastKnownFileType = sourcecode.swift; path = AppDelegate.swift; sourceTree = "<group>"; };
		A7A0EC7723F0A8B000794FF4 /* SceneDelegate.swift */ = {isa = PBXFileReference; lastKnownFileType = sourcecode.swift; path = SceneDelegate.swift; sourceTree = "<group>"; };
		A7A0EC7A23F0A8B000794FF4 /* CameraApp.xcdatamodel */ = {isa = PBXFileReference; lastKnownFileType = wrapper.xcdatamodel; path = CameraApp.xcdatamodel; sourceTree = "<group>"; };
		A7A0EC7C23F0A8B000794FF4 /* ContentView.swift */ = {isa = PBXFileReference; lastKnownFileType = sourcecode.swift; path = ContentView.swift; sourceTree = "<group>"; };
		A7A0EC7E23F0A8B700794FF4 /* Assets.xcassets */ = {isa = PBXFileReference; lastKnownFileType = folder.assetcatalog; path = Assets.xcassets; sourceTree = "<group>"; };
		A7A0EC8123F0A8B700794FF4 /* Preview Assets.xcassets */ = {isa = PBXFileReference; lastKnownFileType = folder.assetcatalog; path = "Preview Assets.xcassets"; sourceTree = "<group>"; };
		A7A0EC8423F0A8B700794FF4 /* Base */ = {isa = PBXFileReference; lastKnownFileType = file.storyboard; name = Base; path = Base.lproj/LaunchScreen.storyboard; sourceTree = "<group>"; };
		A7A0EC8623F0A8B700794FF4 /* Info.plist */ = {isa = PBXFileReference; lastKnownFileType = text.plist.xml; path = Info.plist; sourceTree = "<group>"; };
		A7A0EC8D23F0AAFE00794FF4 /* FriendsView.swift */ = {isa = PBXFileReference; lastKnownFileType = sourcecode.swift; path = FriendsView.swift; sourceTree = "<group>"; };
		A7A0EC8F23F0ABB400794FF4 /* FriendDetailView.swift */ = {isa = PBXFileReference; lastKnownFileType = sourcecode.swift; path = FriendDetailView.swift; sourceTree = "<group>"; };
		A7A0EC9123F0B13A00794FF4 /* CameraButtonView.swift */ = {isa = PBXFileReference; lastKnownFileType = sourcecode.swift; path = CameraButtonView.swift; sourceTree = "<group>"; };
/* End PBXFileReference section */

/* Begin PBXFrameworksBuildPhase section */
		A7A0EC6F23F0A8B000794FF4 /* Frameworks */ = {
			isa = PBXFrameworksBuildPhase;
			buildActionMask = 2147483647;
			files = (
			);
			runOnlyForDeploymentPostprocessing = 0;
		};
/* End PBXFrameworksBuildPhase section */

/* Begin PBXGroup section */
		A7A0EC6923F0A8AF00794FF4 = {
			isa = PBXGroup;
			children = (
				A7A0EC7423F0A8B000794FF4 /* CameraApp */,
				A7A0EC7323F0A8B000794FF4 /* Products */,
			);
			sourceTree = "<group>";
		};
		A7A0EC7323F0A8B000794FF4 /* Products */ = {
			isa = PBXGroup;
			children = (
				A7A0EC7223F0A8B000794FF4 /* CameraApp.app */,
			);
			name = Products;
			sourceTree = "<group>";
		};
		A7A0EC7423F0A8B000794FF4 /* CameraApp */ = {
			isa = PBXGroup;
			children = (
				A7A0EC8C23F0A8EA00794FF4 /* Views */,
				A7A0EC7523F0A8B000794FF4 /* AppDelegate.swift */,
				A7A0EC7723F0A8B000794FF4 /* SceneDelegate.swift */,
				A7A0EC7C23F0A8B000794FF4 /* ContentView.swift */,
				A7A0EC7E23F0A8B700794FF4 /* Assets.xcassets */,
				A7A0EC8323F0A8B700794FF4 /* LaunchScreen.storyboard */,
				A7A0EC8623F0A8B700794FF4 /* Info.plist */,
				A7A0EC7923F0A8B000794FF4 /* CameraApp.xcdatamodeld */,
				A7A0EC8023F0A8B700794FF4 /* Preview Content */,
			);
			path = CameraApp;
			sourceTree = "<group>";
		};
		A7A0EC8023F0A8B700794FF4 /* Preview Content */ = {
			isa = PBXGroup;
			children = (
				A7A0EC8123F0A8B700794FF4 /* Preview Assets.xcassets */,
			);
			path = "Preview Content";
			sourceTree = "<group>";
		};
		A7A0EC8C23F0A8EA00794FF4 /* Views */ = {
			isa = PBXGroup;
			children = (
				A7A0EC8D23F0AAFE00794FF4 /* FriendsView.swift */,
				A7A0EC8F23F0ABB400794FF4 /* FriendDetailView.swift */,
				A7A0EC9123F0B13A00794FF4 /* CameraButtonView.swift */,
			);
			path = Views;
			sourceTree = "<group>";
		};
/* End PBXGroup section */

/* Begin PBXNativeTarget section */
		A7A0EC7123F0A8B000794FF4 /* CameraApp */ = {
			isa = PBXNativeTarget;
			buildConfigurationList = A7A0EC8923F0A8B700794FF4 /* Build configuration list for PBXNativeTarget "CameraApp" */;
			buildPhases = (
				A7A0EC6E23F0A8B000794FF4 /* Sources */,
				A7A0EC6F23F0A8B000794FF4 /* Frameworks */,
				A7A0EC7023F0A8B000794FF4 /* Resources */,
			);
			buildRules = (
			);
			dependencies = (
			);
			name = CameraApp;
			productName = CameraApp;
			productReference = A7A0EC7223F0A8B000794FF4 /* CameraApp.app */;
			productType = "com.apple.product-type.application";
		};
/* End PBXNativeTarget section */

/* Begin PBXProject section */
		A7A0EC6A23F0A8AF00794FF4 /* Project object */ = {
			isa = PBXProject;
			attributes = {
				LastSwiftUpdateCheck = 1130;
				LastUpgradeCheck = 1130;
				ORGANIZATIONNAME = "Toni Tani";
				TargetAttributes = {
					A7A0EC7123F0A8B000794FF4 = {
						CreatedOnToolsVersion = 11.3;
					};
				};
			};
			buildConfigurationList = A7A0EC6D23F0A8AF00794FF4 /* Build configuration list for PBXProject "CameraApp" */;
			compatibilityVersion = "Xcode 9.3";
			developmentRegion = en;
			hasScannedForEncodings = 0;
			knownRegions = (
				en,
				Base,
			);
			mainGroup = A7A0EC6923F0A8AF00794FF4;
			productRefGroup = A7A0EC7323F0A8B000794FF4 /* Products */;
			projectDirPath = "";
			projectRoot = "";
			targets = (
				A7A0EC7123F0A8B000794FF4 /* CameraApp */,
			);
		};
/* End PBXProject section */

/* Begin PBXResourcesBuildPhase section */
		A7A0EC7023F0A8B000794FF4 /* Resources */ = {
			isa = PBXResourcesBuildPhase;
			buildActionMask = 2147483647;
			files = (
				A7A0EC8523F0A8B700794FF4 /* LaunchScreen.storyboard in Resources */,
				A7A0EC8223F0A8B700794FF4 /* Preview Assets.xcassets in Resources */,
				A7A0EC7F23F0A8B700794FF4 /* Assets.xcassets in Resources */,
			);
			runOnlyForDeploymentPostprocessing = 0;
		};
/* End PBXResourcesBuildPhase section */

/* Begin PBXSourcesBuildPhase section */
		A7A0EC6E23F0A8B000794FF4 /* Sources */ = {
			isa = PBXSourcesBuildPhase;
			buildActionMask = 2147483647;
			files = (
				A7A0EC8E23F0AAFE00794FF4 /* FriendsView.swift in Sources */,
				A7A0EC7B23F0A8B000794FF4 /* CameraApp.xcdatamodeld in Sources */,
				A7A0EC7623F0A8B000794FF4 /* AppDelegate.swift in Sources */,
				A7A0EC9023F0ABB400794FF4 /* FriendDetailView.swift in Sources */,
				A7A0EC7D23F0A8B000794FF4 /* ContentView.swift in Sources */,
				A7A0EC9223F0B13A00794FF4 /* CameraButtonView.swift in Sources */,
				A7A0EC7823F0A8B000794FF4 /* SceneDelegate.swift in Sources */,
			);
			runOnlyForDeploymentPostprocessing = 0;
		};
/* End PBXSourcesBuildPhase section */

/* Begin PBXVariantGroup section */
		A7A0EC8323F0A8B700794FF4 /* LaunchScreen.storyboard */ = {
			isa = PBXVariantGroup;
			children = (
				A7A0EC8423F0A8B700794FF4 /* Base */,
			);
			name = LaunchScreen.storyboard;
			sourceTree = "<group>";
		};
/* End PBXVariantGroup section */

/* Begin XCBuildConfiguration section */
		A7A0EC8723F0A8B700794FF4 /* Debug */ = {
			isa = XCBuildConfiguration;
			buildSettings = {
				ALWAYS_SEARCH_USER_PATHS = NO;
				CLANG_ANALYZER_NONNULL = YES;
				CLANG_ANALYZER_NUMBER_OBJECT_CONVERSION = YES_AGGRESSIVE;
				CLANG_CXX_LANGUAGE_STANDARD = "gnu++14";
				CLANG_CXX_LIBRARY = "libc++";
				CLANG_ENABLE_MODULES = YES;
				CLANG_ENABLE_OBJC_ARC = YES;
				CLANG_ENABLE_OBJC_WEAK = YES;
				CLANG_WARN_BLOCK_CAPTURE_AUTORELEASING = YES;
				CLANG_WARN_BOOL_CONVERSION = YES;
				CLANG_WARN_COMMA = YES;
				CLANG_WARN_CONSTANT_CONVERSION = YES;
				CLANG_WARN_DEPRECATED_OBJC_IMPLEMENTATIONS = YES;
				CLANG_WARN_DIRECT_OBJC_ISA_USAGE = YES_ERROR;
				CLANG_WARN_DOCUMENTATION_COMMENTS = YES;
				CLANG_WARN_EMPTY_BODY = YES;
				CLANG_WARN_ENUM_CONVERSION = YES;
				CLANG_WARN_INFINITE_RECURSION = YES;
				CLANG_WARN_INT_CONVERSION = YES;
				CLANG_WARN_NON_LITERAL_NULL_CONVERSION = YES;
				CLANG_WARN_OBJC_IMPLICIT_RETAIN_SELF = YES;
				CLANG_WARN_OBJC_LITERAL_CONVERSION = YES;
				CLANG_WARN_OBJC_ROOT_CLASS = YES_ERROR;
				CLANG_WARN_RANGE_LOOP_ANALYSIS = YES;
				CLANG_WARN_STRICT_PROTOTYPES = YES;
				CLANG_WARN_SUSPICIOUS_MOVE = YES;
				CLANG_WARN_UNGUARDED_AVAILABILITY = YES_AGGRESSIVE;
				CLANG_WARN_UNREACHABLE_CODE = YES;
				CLANG_WARN__DUPLICATE_METHOD_MATCH = YES;
				COPY_PHASE_STRIP = NO;
				DEBUG_INFORMATION_FORMAT = dwarf;
				ENABLE_STRICT_OBJC_MSGSEND = YES;
				ENABLE_TESTABILITY = YES;
				GCC_C_LANGUAGE_STANDARD = gnu11;
				GCC_DYNAMIC_NO_PIC = NO;
				GCC_NO_COMMON_BLOCKS = YES;
				GCC_OPTIMIZATION_LEVEL = 0;
				GCC_PREPROCESSOR_DEFINITIONS = (
					"DEBUG=1",
					"$(inherited)",
				);
				GCC_WARN_64_TO_32_BIT_CONVERSION = YES;
				GCC_WARN_ABOUT_RETURN_TYPE = YES_ERROR;
				GCC_WARN_UNDECLARED_SELECTOR = YES;
				GCC_WARN_UNINITIALIZED_AUTOS = YES_AGGRESSIVE;
				GCC_WARN_UNUSED_FUNCTION = YES;
				GCC_WARN_UNUSED_VARIABLE = YES;
				IPHONEOS_DEPLOYMENT_TARGET = 13.2;
				MTL_ENABLE_DEBUG_INFO = INCLUDE_SOURCE;
				MTL_FAST_MATH = YES;
				ONLY_ACTIVE_ARCH = YES;
				SDKROOT = iphoneos;
				SWIFT_ACTIVE_COMPILATION_CONDITIONS = DEBUG;
				SWIFT_OPTIMIZATION_LEVEL = "-Onone";
			};
			name = Debug;
		};
		A7A0EC8823F0A8B700794FF4 /* Release */ = {
			isa = XCBuildConfiguration;
			buildSettings = {
				ALWAYS_SEARCH_USER_PATHS = NO;
				CLANG_ANALYZER_NONNULL = YES;
				CLANG_ANALYZER_NUMBER_OBJECT_CONVERSION = YES_AGGRESSIVE;
				CLANG_CXX_LANGUAGE_STANDARD = "gnu++14";
				CLANG_CXX_LIBRARY = "libc++";
				CLANG_ENABLE_MODULES = YES;
				CLANG_ENABLE_OBJC_ARC = YES;
				CLANG_ENABLE_OBJC_WEAK = YES;
				CLANG_WARN_BLOCK_CAPTURE_AUTORELEASING = YES;
				CLANG_WARN_BOOL_CONVERSION = YES;
				CLANG_WARN_COMMA = YES;
				CLANG_WARN_CONSTANT_CONVERSION = YES;
				CLANG_WARN_DEPRECATED_OBJC_IMPLEMENTATIONS = YES;
				CLANG_WARN_DIRECT_OBJC_ISA_USAGE = YES_ERROR;
				CLANG_WARN_DOCUMENTATION_COMMENTS = YES;
				CLANG_WARN_EMPTY_BODY = YES;
				CLANG_WARN_ENUM_CONVERSION = YES;
				CLANG_WARN_INFINITE_RECURSION = YES;
				CLANG_WARN_INT_CONVERSION = YES;
				CLANG_WARN_NON_LITERAL_NULL_CONVERSION = YES;
				CLANG_WARN_OBJC_IMPLICIT_RETAIN_SELF = YES;
				CLANG_WARN_OBJC_LITERAL_CONVERSION = YES;
				CLANG_WARN_OBJC_ROOT_CLASS = YES_ERROR;
				CLANG_WARN_RANGE_LOOP_ANALYSIS = YES;
				CLANG_WARN_STRICT_PROTOTYPES = YES;
				CLANG_WARN_SUSPICIOUS_MOVE = YES;
				CLANG_WARN_UNGUARDED_AVAILABILITY = YES_AGGRESSIVE;
				CLANG_WARN_UNREACHABLE_CODE = YES;
				CLANG_WARN__DUPLICATE_METHOD_MATCH = YES;
				COPY_PHASE_STRIP = NO;
				DEBUG_INFORMATION_FORMAT = "dwarf-with-dsym";
				ENABLE_NS_ASSERTIONS = NO;
				ENABLE_STRICT_OBJC_MSGSEND = YES;
				GCC_C_LANGUAGE_STANDARD = gnu11;
				GCC_NO_COMMON_BLOCKS = YES;
				GCC_WARN_64_TO_32_BIT_CONVERSION = YES;
				GCC_WARN_ABOUT_RETURN_TYPE = YES_ERROR;
				GCC_WARN_UNDECLARED_SELECTOR = YES;
				GCC_WARN_UNINITIALIZED_AUTOS = YES_AGGRESSIVE;
				GCC_WARN_UNUSED_FUNCTION = YES;
				GCC_WARN_UNUSED_VARIABLE = YES;
				IPHONEOS_DEPLOYMENT_TARGET = 13.2;
				MTL_ENABLE_DEBUG_INFO = NO;
				MTL_FAST_MATH = YES;
				SDKROOT = iphoneos;
				SWIFT_COMPILATION_MODE = wholemodule;
				SWIFT_OPTIMIZATION_LEVEL = "-O";
				VALIDATE_PRODUCT = YES;
			};
			name = Release;
		};
		A7A0EC8A23F0A8B700794FF4 /* Debug */ = {
			isa = XCBuildConfiguration;
			buildSettings = {
				ASSETCATALOG_COMPILER_APPICON_NAME = AppIcon;
				CODE_SIGN_STYLE = Automatic;
				DEVELOPMENT_ASSET_PATHS = "\"CameraApp/Preview Content\"";
				ENABLE_PREVIEWS = YES;
				INFOPLIST_FILE = CameraApp/Info.plist;
				LD_RUNPATH_SEARCH_PATHS = (
					"$(inherited)",
					"@executable_path/Frameworks",
				);
				PRODUCT_BUNDLE_IDENTIFIER = jee.CameraApp;
				PRODUCT_NAME = "$(TARGET_NAME)";
				SWIFT_VERSION = 5.0;
				TARGETED_DEVICE_FAMILY = "1,2";
			};
			name = Debug;
		};
		A7A0EC8B23F0A8B700794FF4 /* Release */ = {
			isa = XCBuildConfiguration;
			buildSettings = {
				ASSETCATALOG_COMPILER_APPICON_NAME = AppIcon;
				CODE_SIGN_STYLE = Automatic;
				DEVELOPMENT_ASSET_PATHS = "\"CameraApp/Preview Content\"";
				ENABLE_PREVIEWS = YES;
				INFOPLIST_FILE = CameraApp/Info.plist;
				LD_RUNPATH_SEARCH_PATHS = (
					"$(inherited)",
					"@executable_path/Frameworks",
				);
				PRODUCT_BUNDLE_IDENTIFIER = jee.CameraApp;
				PRODUCT_NAME = "$(TARGET_NAME)";
				SWIFT_VERSION = 5.0;
				TARGETED_DEVICE_FAMILY = "1,2";
			};
			name = Release;
		};
/* End XCBuildConfiguration section */

/* Begin XCConfigurationList section */
		A7A0EC6D23F0A8AF00794FF4 /* Build configuration list for PBXProject "CameraApp" */ = {
			isa = XCConfigurationList;
			buildConfigurations = (
				A7A0EC8723F0A8B700794FF4 /* Debug */,
				A7A0EC8823F0A8B700794FF4 /* Release */,
			);
			defaultConfigurationIsVisible = 0;
			defaultConfigurationName = Release;
		};
		A7A0EC8923F0A8B700794FF4 /* Build configuration list for PBXNativeTarget "CameraApp" */ = {
			isa = XCConfigurationList;
			buildConfigurations = (
				A7A0EC8A23F0A8B700794FF4 /* Debug */,
				A7A0EC8B23F0A8B700794FF4 /* Release */,
			);
			defaultConfigurationIsVisible = 0;
			defaultConfigurationName = Release;
		};
/* End XCConfigurationList section */

/* Begin XCVersionGroup section */
		A7A0EC7923F0A8B000794FF4 /* CameraApp.xcdatamodeld */ = {
			isa = XCVersionGroup;
			children = (
				A7A0EC7A23F0A8B000794FF4 /* CameraApp.xcdatamodel */,
			);
			currentVersion = A7A0EC7A23F0A8B000794FF4 /* CameraApp.xcdatamodel */;
			path = CameraApp.xcdatamodeld;
			sourceTree = "<group>";
			versionGroupType = wrapper.xcdatamodel;
		};
/* End XCVersionGroup section */
	};
	rootObject = A7A0EC6A23F0A8AF00794FF4 /* Project object */;
}
